
Microsoft Visual Studio Solution File, Format Version 12.00
# Visual Studio Version 17
VisualStudioVersion = 17.4.33205.214
MinimumVisualStudioVersion = 10.0.40219.1
Project("{FAE04EC0-301F-11D3-BF4B-00C04F79EFBC}") = "周黑鸭工厂", "周黑鸭工厂.csproj", "{D49B7FC0-F523-4B4B-8D25-C8084B296E98}"
EndProject
Global
	GlobalSection(SolutionConfigurationPlatforms) = preSolution
		Debug|Any CPU = Debug|Any CPU
		Release|Any CPU = Release|Any CPU
	EndGlobalSection
	GlobalSection(ProjectConfigurationPlatforms) = postSolution
		{D49B7FC0-F523-4B4B-8D25-C8084B296E98}.Debug|Any CPU.ActiveCfg = Debug|Any CPU
		{D49B7FC0-F523-4B4B-8D25-C8084B296E98}.Debug|Any CPU.Build.0 = Debug|Any CPU
		{D49B7FC0-F523-4B4B-8D25-C8084B296E98}.Release|Any CPU.ActiveCfg = Release|Any CPU
		{D49B7FC0-F523-4B4B-8D25-C8084B296E98}.Release|Any CPU.Build.0 = Release|Any CPU
	EndGlobalSection
	GlobalSection(SolutionProperties) = preSolution
		HideSolutionNode = FALSE
	EndGlobalSection
	GlobalSection(ExtensibilityGlobals) = postSolution
		SolutionGuid = {278D7227-A04B-48BE-9E6C-F79521C092C8}
	EndGlobalSection
EndGlobal
